
Microsoft Visual Studio Solution File, Format Version 12.00
# Visual Studio 2012
Project("{FAE04EC0-301F-11D3-BF4B-00C04F79EFBC}") = "TestScores", "TestScores\TestScores.csproj", "{2BD1863F-F94D-4D4B-9F3D-38C47138AEAE}"
EndProject
Global
	GlobalSection(SolutionConfigurationPlatforms) = preSolution
		Debug|Any CPU = Debug|Any CPU
		Release|Any CPU = Release|Any CPU
	EndGlobalSection
	GlobalSection(ProjectConfigurationPlatforms) = postSolution
		{2BD1863F-F94D-4D4B-9F3D-38C47138AEAE}.Debug|Any CPU.ActiveCfg = Debug|Any CPU
		{2BD1863F-F94D-4D4B-9F3D-38C47138AEAE}.Debug|Any CPU.Build.0 = Debug|Any CPU
		{2BD1863F-F94D-4D4B-9F3D-38C47138AEAE}.Release|Any CPU.ActiveCfg = Release|Any CPU
		{2BD1863F-F94D-4D4B-9F3D-38C47138AEAE}.Release|Any CPU.Build.0 = Release|Any CPU
	EndGlobalSection
	GlobalSection(SolutionProperties) = preSolution
		HideSolutionNode = FALSE
	EndGlobalSection
EndGlobal
